// !$*UTF8*$!
{
	archiveVersion = 1;
	classes = {
	};
	objectVersion = 46;
	objects = {

/* Begin PBXBuildFile section */
		5C7924721CF4CFE1006E0716 /* main.m in Sources */ = {isa = PBXBuildFile; fileRef = 5C7924711CF4CFE1006E0716 /* main.m */; };
		5C7924751CF4CFE1006E0716 /* AppDelegate.m in Sources */ = {isa = PBXBuildFile; fileRef = 5C7924741CF4CFE1006E0716 /* AppDelegate.m */; };
		5C7924781CF4CFE1006E0716 /* Calculator.m in Sources */ = {isa = PBXBuildFile; fileRef = 5C7924771CF4CFE1006E0716 /* Calculator.m */; };
		5C79247B1CF4CFE1006E0716 /* Main.storyboard in Resources */ = {isa = PBXBuildFile; fileRef = 5C7924791CF4CFE1006E0716 /* Main.storyboard */; };
		5C79247D1CF4CFE1006E0716 /* Assets.xcassets in Resources */ = {isa = PBXBuildFile; fileRef = 5C79247C1CF4CFE1006E0716 /* Assets.xcassets */; };
		5C7924801CF4CFE1006E0716 /* LaunchScreen.storyboard in Resources */ = {isa = PBXBuildFile; fileRef = 5C79247E1CF4CFE1006E0716 /* LaunchScreen.storyboard */; };
		5C79248B1CF4CFE1006E0716 /* CalculatorTests.m in Sources */ = {isa = PBXBuildFile; fileRef = 5C79248A1CF4CFE1006E0716 /* CalculatorTests.m */; };
		5C7924961CF4CFE1006E0716 /* CalculatorUITests.m in Sources */ = {isa = PBXBuildFile; fileRef = 5C7924951CF4CFE1006E0716 /* CalculatorUITests.m */; };
		5C7924A51CF4D0AD006E0716 /* Compute.m in Sources */ = {isa = PBXBuildFile; fileRef = 5C7924A41CF4D0AD006E0716 /* Compute.m */; };
/* End PBXBuildFile section */

/* Begin PBXContainerItemProxy section */
		5C7924871CF4CFE1006E0716 /* PBXContainerItemProxy */ = {
			isa = PBXContainerItemProxy;
			containerPortal = 5C7924651CF4CFE1006E0716 /* Project object */;
			proxyType = 1;
			remoteGlobalIDString = 5C79246C1CF4CFE1006E0716;
			remoteInfo = Calculator;
		};
		5C7924921CF4CFE1006E0716 /* PBXContainerItemProxy */ = {
			isa = PBXContainerItemProxy;
			containerPortal = 5C7924651CF4CFE1006E0716 /* Project object */;
			proxyType = 1;
			remoteGlobalIDString = 5C79246C1CF4CFE1006E0716;
			remoteInfo = Calculator;
		};
/* End PBXContainerItemProxy section */

/* Begin PBXFileReference section */
		5C79246D1CF4CFE1006E0716 /* Calculator.app */ = {isa = PBXFileReference; explicitFileType = wrapper.application; includeInIndex = 0; path = Calculator.app; sourceTree = BUILT_PRODUCTS_DIR; };
		5C7924711CF4CFE1006E0716 /* main.m */ = {isa = PBXFileReference; lastKnownFileType = sourcecode.c.objc; path = main.m; sourceTree = "<group>"; };
		5C7924731CF4CFE1006E0716 /* AppDelegate.h */ = {isa = PBXFileReference; lastKnownFileType = sourcecode.c.h; path = AppDelegate.h; sourceTree = "<group>"; };
		5C7924741CF4CFE1006E0716 /* AppDelegate.m */ = {isa = PBXFileReference; lastKnownFileType = sourcecode.c.objc; path = AppDelegate.m; sourceTree = "<group>"; };
		5C7924761CF4CFE1006E0716 /* Calculator.h */ = {isa = PBXFileReference; lastKnownFileType = sourcecode.c.h; path = Calculator.h; sourceTree = "<group>"; };
		5C7924771CF4CFE1006E0716 /* Calculator.m */ = {isa = PBXFileReference; lastKnownFileType = sourcecode.c.objc; path = Calculator.m; sourceTree = "<group>"; };
		5C79247A1CF4CFE1006E0716 /* Base */ = {isa = PBXFileReference; lastKnownFileType = file.storyboard; name = Base; path = Base.lproj/Main.storyboard; sourceTree = "<group>"; };
		5C79247C1CF4CFE1006E0716 /* Assets.xcassets */ = {isa = PBXFileReference; lastKnownFileType = folder.assetcatalog; path = Assets.xcassets; sourceTree = "<group>"; };
		5C79247F1CF4CFE1006E0716 /* Base */ = {isa = PBXFileReference; lastKnownFileType = file.storyboard; name = Base; path = Base.lproj/LaunchScreen.storyboard; sourceTree = "<group>"; };
		5C7924811CF4CFE1006E0716 /* Info.plist */ = {isa = PBXFileReference; lastKnownFileType = text.plist.xml; path = Info.plist; sourceTree = "<group>"; };
		5C7924861CF4CFE1006E0716 /* CalculatorTests.xctest */ = {isa = PBXFileReference; explicitFileType = wrapper.cfbundle; includeInIndex = 0; path = CalculatorTests.xctest; sourceTree = BUILT_PRODUCTS_DIR; };
		5C79248A1CF4CFE1006E0716 /* CalculatorTests.m */ = {isa = PBXFileReference; lastKnownFileType = sourcecode.c.objc; path = CalculatorTests.m; sourceTree = "<group>"; };
		5C79248C1CF4CFE1006E0716 /* Info.plist */ = {isa = PBXFileReference; lastKnownFileType = text.plist.xml; path = Info.plist; sourceTree = "<group>"; };
		5C7924911CF4CFE1006E0716 /* CalculatorUITests.xctest */ = {isa = PBXFileReference; explicitFileType = wrapper.cfbundle; includeInIndex = 0; path = CalculatorUITests.xctest; sourceTree = BUILT_PRODUCTS_DIR; };
		5C7924951CF4CFE1006E0716 /* CalculatorUITests.m */ = {isa = PBXFileReference; lastKnownFileType = sourcecode.c.objc; path = CalculatorUITests.m; sourceTree = "<group>"; };
		5C7924971CF4CFE1006E0716 /* Info.plist */ = {isa = PBXFileReference; lastKnownFileType = text.plist.xml; path = Info.plist; sourceTree = "<group>"; };
		5C7924A31CF4D0AD006E0716 /* Compute.h */ = {isa = PBXFileReference; fileEncoding = 4; lastKnownFileType = sourcecode.c.h; path = Compute.h; sourceTree = "<group>"; };
		5C7924A41CF4D0AD006E0716 /* Compute.m */ = {isa = PBXFileReference; fileEncoding = 4; lastKnownFileType = sourcecode.c.objc; path = Compute.m; sourceTree = "<group>"; };
/* End PBXFileReference section */

/* Begin PBXFrameworksBuildPhase section */
		5C79246A1CF4CFE1006E0716 /* Frameworks */ = {
			isa = PBXFrameworksBuildPhase;
			buildActionMask = 2147483647;
			files = (
			);
			runOnlyForDeploymentPostprocessing = 0;
		};
		5C7924831CF4CFE1006E0716 /* Frameworks */ = {
			isa = PBXFrameworksBuildPhase;
			buildActionMask = 2147483647;
			files = (
			);
			runOnlyForDeploymentPostprocessing = 0;
		};
		5C79248E1CF4CFE1006E0716 /* Frameworks */ = {
			isa = PBXFrameworksBuildPhase;
			buildActionMask = 2147483647;
			files = (
			);
			runOnlyForDeploymentPostprocessing = 0;
		};
/* End PBXFrameworksBuildPhase section */

/* Begin PBXGroup section */
		5C7924641CF4CFE1006E0716 = {
			isa = PBXGroup;
			children = (
				5C79246F1CF4CFE1006E0716 /* Calculator */,
				5C7924891CF4CFE1006E0716 /* CalculatorTests */,
				5C7924941CF4CFE1006E0716 /* CalculatorUITests */,
				5C79246E1CF4CFE1006E0716 /* Products */,
			);
			sourceTree = "<group>";
		};
		5C79246E1CF4CFE1006E0716 /* Products */ = {
			isa = PBXGroup;
			children = (
				5C79246D1CF4CFE1006E0716 /* Calculator.app */,
				5C7924861CF4CFE1006E0716 /* CalculatorTests.xctest */,
				5C7924911CF4CFE1006E0716 /* CalculatorUITests.xctest */,
			);
			name = Products;
			sourceTree = "<group>";
		};
		5C79246F1CF4CFE1006E0716 /* Calculator */ = {
			isa = PBXGroup;
			children = (
				5C7924731CF4CFE1006E0716 /* AppDelegate.h */,
				5C7924741CF4CFE1006E0716 /* AppDelegate.m */,
				5C7924761CF4CFE1006E0716 /* Calculator.h */,
				5C7924771CF4CFE1006E0716 /* Calculator.m */,
				5C7924A31CF4D0AD006E0716 /* Compute.h */,
				5C7924A41CF4D0AD006E0716 /* Compute.m */,
				5C7924791CF4CFE1006E0716 /* Main.storyboard */,
				5C79247C1CF4CFE1006E0716 /* Assets.xcassets */,
				5C79247E1CF4CFE1006E0716 /* LaunchScreen.storyboard */,
				5C7924811CF4CFE1006E0716 /* Info.plist */,
				5C7924701CF4CFE1006E0716 /* Supporting Files */,
			);
			path = Calculator;
			sourceTree = "<group>";
		};
		5C7924701CF4CFE1006E0716 /* Supporting Files */ = {
			isa = PBXGroup;
			children = (
				5C7924711CF4CFE1006E0716 /* main.m */,
			);
			name = "Supporting Files";
			sourceTree = "<group>";
		};
		5C7924891CF4CFE1006E0716 /* CalculatorTests */ = {
			isa = PBXGroup;
			children = (
				5C79248A1CF4CFE1006E0716 /* CalculatorTests.m */,
				5C79248C1CF4CFE1006E0716 /* Info.plist */,
			);
			path = CalculatorTests;
			sourceTree = "<group>";
		};
		5C7924941CF4CFE1006E0716 /* CalculatorUITests */ = {
			isa = PBXGroup;
			children = (
				5C7924951CF4CFE1006E0716 /* CalculatorUITests.m */,
				5C7924971CF4CFE1006E0716 /* Info.plist */,
			);
			path = CalculatorUITests;
			sourceTree = "<group>";
		};
/* End PBXGroup section */

/* Begin PBXNativeTarget section */
		5C79246C1CF4CFE1006E0716 /* Calculator */ = {
			isa = PBXNativeTarget;
			buildConfigurationList = 5C79249A1CF4CFE1006E0716 /* Build configuration list for PBXNativeTarget "Calculator" */;
			buildPhases = (
				5C7924691CF4CFE1006E0716 /* Sources */,
				5C79246A1CF4CFE1006E0716 /* Frameworks */,
				5C79246B1CF4CFE1006E0716 /* Resources */,
			);
			buildRules = (
			);
			dependencies = (
			);
			name = Calculator;
			productName = Calculator;
			productReference = 5C79246D1CF4CFE1006E0716 /* Calculator.app */;
			productType = "com.apple.product-type.application";
		};
		5C7924851CF4CFE1006E0716 /* CalculatorTests */ = {
			isa = PBXNativeTarget;
			buildConfigurationList = 5C79249D1CF4CFE1006E0716 /* Build configuration list for PBXNativeTarget "CalculatorTests" */;
			buildPhases = (
				5C7924821CF4CFE1006E0716 /* Sources */,
				5C7924831CF4CFE1006E0716 /* Frameworks */,
				5C7924841CF4CFE1006E0716 /* Resources */,
			);
			buildRules = (
			);
			dependencies = (
				5C7924881CF4CFE1006E0716 /* PBXTargetDependency */,
			);
			name = CalculatorTests;
			productName = CalculatorTests;
			productReference = 5C7924861CF4CFE1006E0716 /* CalculatorTests.xctest */;
			productType = "com.apple.product-type.bundle.unit-test";
		};
		5C7924901CF4CFE1006E0716 /* CalculatorUITests */ = {
			isa = PBXNativeTarget;
			buildConfigurationList = 5C7924A01CF4CFE1006E0716 /* Build configuration list for PBXNativeTarget "CalculatorUITests" */;
			buildPhases = (
				5C79248D1CF4CFE1006E0716 /* Sources */,
				5C79248E1CF4CFE1006E0716 /* Frameworks */,
				5C79248F1CF4CFE1006E0716 /* Resources */,
			);
			buildRules = (
			);
			dependencies = (
				5C7924931CF4CFE1006E0716 /* PBXTargetDependency */,
			);
			name = CalculatorUITests;
			productName = CalculatorUITests;
			productReference = 5C7924911CF4CFE1006E0716 /* CalculatorUITests.xctest */;
			productType = "com.apple.product-type.bundle.ui-testing";
		};
/* End PBXNativeTarget section */

/* Begin PBXProject section */
		5C7924651CF4CFE1006E0716 /* Project object */ = {
			isa = PBXProject;
			attributes = {
				LastUpgradeCheck = 0720;
				ORGANIZATIONNAME = "Matthew Harrison";
				TargetAttributes = {
					5C79246C1CF4CFE1006E0716 = {
						CreatedOnToolsVersion = 7.2.1;
					};
					5C7924851CF4CFE1006E0716 = {
						CreatedOnToolsVersion = 7.2.1;
						TestTargetID = 5C79246C1CF4CFE1006E0716;
					};
					5C7924901CF4CFE1006E0716 = {
						CreatedOnToolsVersion = 7.2.1;
						TestTargetID = 5C79246C1CF4CFE1006E0716;
					};
				};
			};
			buildConfigurationList = 5C7924681CF4CFE1006E0716 /* Build configuration list for PBXProject "Calculator" */;
			compatibilityVersion = "Xcode 3.2";
			developmentRegion = English;
			hasScannedForEncodings = 0;
			knownRegions = (
				en,
				Base,
			);
			mainGroup = 5C7924641CF4CFE1006E0716;
			productRefGroup = 5C79246E1CF4CFE1006E0716 /* Products */;
			projectDirPath = "";
			projectRoot = "";
			targets = (
				5C79246C1CF4CFE1006E0716 /* Calculator */,
				5C7924851CF4CFE1006E0716 /* CalculatorTests */,
				5C7924901CF4CFE1006E0716 /* CalculatorUITests */,
			);
		};
/* End PBXProject section */

/* Begin PBXResourcesBuildPhase section */
		5C79246B1CF4CFE1006E0716 /* Resources */ = {
			isa = PBXResourcesBuildPhase;
			buildActionMask = 2147483647;
			files = (
				5C7924801CF4CFE1006E0716 /* LaunchScreen.storyboard in Resources */,
				5C79247D1CF4CFE1006E0716 /* Assets.xcassets in Resources */,
				5C79247B1CF4CFE1006E0716 /* Main.storyboard in Resources */,
			);
			runOnlyForDeploymentPostprocessing = 0;
		};
		5C7924841CF4CFE1006E0716 /* Resources */ = {
			isa = PBXResourcesBuildPhase;
			buildActionMask = 2147483647;
			files = (
			);
			runOnlyForDeploymentPostprocessing = 0;
		};
		5C79248F1CF4CFE1006E0716 /* Resources */ = {
			isa = PBXResourcesBuildPhase;
			buildActionMask = 2147483647;
			files = (
			);
			runOnlyForDeploymentPostprocessing = 0;
		};
/* End PBXResourcesBuildPhase section */

/* Begin PBXSourcesBuildPhase section */
		5C7924691CF4CFE1006E0716 /* Sources */ = {
			isa = PBXSourcesBuildPhase;
			buildActionMask = 2147483647;
			files = (
				5C7924781CF4CFE1006E0716 /* Calculator.m in Sources */,
				5C7924A51CF4D0AD006E0716 /* Compute.m in Sources */,
				5C7924751CF4CFE1006E0716 /* AppDelegate.m in Sources */,
				5C7924721CF4CFE1006E0716 /* main.m in Sources */,
			);
			runOnlyForDeploymentPostprocessing = 0;
		};
		5C7924821CF4CFE1006E0716 /* Sources */ = {
			isa = PBXSourcesBuildPhase;
			buildActionMask = 2147483647;
			files = (
				5C79248B1CF4CFE1006E0716 /* CalculatorTests.m in Sources */,
			);
			runOnlyForDeploymentPostprocessing = 0;
		};
		5C79248D1CF4CFE1006E0716 /* Sources */ = {
			isa = PBXSourcesBuildPhase;
			buildActionMask = 2147483647;
			files = (
				5C7924961CF4CFE1006E0716 /* CalculatorUITests.m in Sources */,
			);
			runOnlyForDeploymentPostprocessing = 0;
		};
/* End PBXSourcesBuildPhase section */

/* Begin PBXTargetDependency section */
		5C7924881CF4CFE1006E0716 /* PBXTargetDependency */ = {
			isa = PBXTargetDependency;
			target = 5C79246C1CF4CFE1006E0716 /* Calculator */;
			targetProxy = 5C7924871CF4CFE1006E0716 /* PBXContainerItemProxy */;
		};
		5C7924931CF4CFE1006E0716 /* PBXTargetDependency */ = {
			isa = PBXTargetDependency;
			target = 5C79246C1CF4CFE1006E0716 /* Calculator */;
			targetProxy = 5C7924921CF4CFE1006E0716 /* PBXContainerItemProxy */;
		};
/* End PBXTargetDependency section */

/* Begin PBXVariantGroup section */
		5C7924791CF4CFE1006E0716 /* Main.storyboard */ = {
			isa = PBXVariantGroup;
			children = (
				5C79247A1CF4CFE1006E0716 /* Base */,
			);
			name = Main.storyboard;
			sourceTree = "<group>";
		};
		5C79247E1CF4CFE1006E0716 /* LaunchScreen.storyboard */ = {
			isa = PBXVariantGroup;
			children = (
				5C79247F1CF4CFE1006E0716 /* Base */,
			);
			name = LaunchScreen.storyboard;
			sourceTree = "<group>";
		};
/* End PBXVariantGroup section */

/* Begin XCBuildConfiguration section */
		5C7924981CF4CFE1006E0716 /* Debug */ = {
			isa = XCBuildConfiguration;
			buildSettings = {
				ALWAYS_SEARCH_USER_PATHS = NO;
				CLANG_CXX_LANGUAGE_STANDARD = "gnu++0x";
				CLANG_CXX_LIBRARY = "libc++";
				CLANG_ENABLE_MODULES = YES;
				CLANG_ENABLE_OBJC_ARC = YES;
				CLANG_WARN_BOOL_CONVERSION = YES;
				CLANG_WARN_CONSTANT_CONVERSION = YES;
				CLANG_WARN_DIRECT_OBJC_ISA_USAGE = YES_ERROR;
				CLANG_WARN_EMPTY_BODY = YES;
				CLANG_WARN_ENUM_CONVERSION = YES;
				CLANG_WARN_INT_CONVERSION = YES;
				CLANG_WARN_OBJC_ROOT_CLASS = YES_ERROR;
				CLANG_WARN_UNREACHABLE_CODE = YES;
				CLANG_WARN__DUPLICATE_METHOD_MATCH = YES;
				"CODE_SIGN_IDENTITY[sdk=iphoneos*]" = "iPhone Developer";
				COPY_PHASE_STRIP = NO;
				DEBUG_INFORMATION_FORMAT = dwarf;
				ENABLE_STRICT_OBJC_MSGSEND = YES;
				ENABLE_TESTABILITY = YES;
				GCC_C_LANGUAGE_STANDARD = gnu99;
				GCC_DYNAMIC_NO_PIC = NO;
				GCC_NO_COMMON_BLOCKS = YES;
				GCC_OPTIMIZATION_LEVEL = 0;
				GCC_PREPROCESSOR_DEFINITIONS = (
					"DEBUG=1",
					"$(inherited)",
				);
				GCC_WARN_64_TO_32_BIT_CONVERSION = YES;
				GCC_WARN_ABOUT_RETURN_TYPE = YES_ERROR;
				GCC_WARN_UNDECLARED_SELECTOR = YES;
				GCC_WARN_UNINITIALIZED_AUTOS = YES_AGGRESSIVE;
				GCC_WARN_UNUSED_FUNCTION = YES;
				GCC_WARN_UNUSED_VARIABLE = YES;
				IPHONEOS_DEPLOYMENT_TARGET = 9.2;
				MTL_ENABLE_DEBUG_INFO = YES;
				ONLY_ACTIVE_ARCH = YES;
				SDKROOT = iphoneos;
				TARGETED_DEVICE_FAMILY = "1,2";
			};
			name = Debug;
		};
		5C7924991CF4CFE1006E0716 /* Release */ = {
			isa = XCBuildConfiguration;
			buildSettings = {
				ALWAYS_SEARCH_USER_PATHS = NO;
				CLANG_CXX_LANGUAGE_STANDARD = "gnu++0x";
				CLANG_CXX_LIBRARY = "libc++";
				CLANG_ENABLE_MODULES = YES;
				CLANG_ENABLE_OBJC_ARC = YES;
				CLANG_WARN_BOOL_CONVERSION = YES;
				CLANG_WARN_CONSTANT_CONVERSION = YES;
				CLANG_WARN_DIRECT_OBJC_ISA_USAGE = YES_ERROR;
				CLANG_WARN_EMPTY_BODY = YES;
				CLANG_WARN_ENUM_CONVERSION = YES;
				CLANG_WARN_INT_CONVERSION = YES;
				CLANG_WARN_OBJC_ROOT_CLASS = YES_ERROR;
				CLANG_WARN_UNREACHABLE_CODE = YES;
				CLANG_WARN__DUPLICATE_METHOD_MATCH = YES;
				"CODE_SIGN_IDENTITY[sdk=iphoneos*]" = "iPhone Developer";
				COPY_PHASE_STRIP = NO;
				DEBUG_INFORMATION_FORMAT = "dwarf-with-dsym";
				ENABLE_NS_ASSERTIONS = NO;
				ENABLE_STRICT_OBJC_MSGSEND = YES;
				GCC_C_LANGUAGE_STANDARD = gnu99;
				GCC_NO_COMMON_BLOCKS = YES;
				GCC_WARN_64_TO_32_BIT_CONVERSION = YES;
				GCC_WARN_ABOUT_RETURN_TYPE = YES_ERROR;
				GCC_WARN_UNDECLARED_SELECTOR = YES;
				GCC_WARN_UNINITIALIZED_AUTOS = YES_AGGRESSIVE;
				GCC_WARN_UNUSED_FUNCTION = YES;
				GCC_WARN_UNUSED_VARIABLE = YES;
				IPHONEOS_DEPLOYMENT_TARGET = 9.2;
				MTL_ENABLE_DEBUG_INFO = NO;
				SDKROOT = iphoneos;
				TARGETED_DEVICE_FAMILY = "1,2";
				VALIDATE_PRODUCT = YES;
			};
			name = Release;
		};
		5C79249B1CF4CFE1006E0716 /* Debug */ = {
			isa = XCBuildConfiguration;
			buildSettings = {
				ASSETCATALOG_COMPILER_APPICON_NAME = AppIcon;
				INFOPLIST_FILE = Calculator/Info.plist;
				LD_RUNPATH_SEARCH_PATHS = "$(inherited) @executable_path/Frameworks";
				PRODUCT_BUNDLE_IDENTIFIER = COP4656.Calculator;
				PRODUCT_NAME = "$(TARGET_NAME)";
			};
			name = Debug;
		};
		5C79249C1CF4CFE1006E0716 /* Release */ = {
			isa = XCBuildConfiguration;
			buildSettings = {
				ASSETCATALOG_COMPILER_APPICON_NAME = AppIcon;
				INFOPLIST_FILE = Calculator/Info.plist;
				LD_RUNPATH_SEARCH_PATHS = "$(inherited) @executable_path/Frameworks";
				PRODUCT_BUNDLE_IDENTIFIER = COP4656.Calculator;
				PRODUCT_NAME = "$(TARGET_NAME)";
			};
			name = Release;
		};
		5C79249E1CF4CFE1006E0716 /* Debug */ = {
			isa = XCBuildConfiguration;
			buildSettings = {
				BUNDLE_LOADER = "$(TEST_HOST)";
				INFOPLIST_FILE = CalculatorTests/Info.plist;
				LD_RUNPATH_SEARCH_PATHS = "$(inherited) @executable_path/Frameworks @loader_path/Frameworks";
				PRODUCT_BUNDLE_IDENTIFIER = COP4656.CalculatorTests;
				PRODUCT_NAME = "$(TARGET_NAME)";
				TEST_HOST = "$(BUILT_PRODUCTS_DIR)/Calculator.app/Calculator";
			};
			name = Debug;
		};
		5C79249F1CF4CFE1006E0716 /* Release */ = {
			isa = XCBuildConfiguration;
			buildSettings = {
				BUNDLE_LOADER = "$(TEST_HOST)";
				INFOPLIST_FILE = CalculatorTests/Info.plist;
				LD_RUNPATH_SEARCH_PATHS = "$(inherited) @executable_path/Frameworks @loader_path/Frameworks";
				PRODUCT_BUNDLE_IDENTIFIER = COP4656.CalculatorTests;
				PRODUCT_NAME = "$(TARGET_NAME)";
				TEST_HOST = "$(BUILT_PRODUCTS_DIR)/Calculator.app/Calculator";
			};
			name = Release;
		};
		5C7924A11CF4CFE1006E0716 /* Debug */ = {
			isa = XCBuildConfiguration;
			buildSettings = {
				INFOPLIST_FILE = CalculatorUITests/Info.plist;
				LD_RUNPATH_SEARCH_PATHS = "$(inherited) @executable_path/Frameworks @loader_path/Frameworks";
				PRODUCT_BUNDLE_IDENTIFIER = COP4656.CalculatorUITests;
				PRODUCT_NAME = "$(TARGET_NAME)";
				TEST_TARGET_NAME = Calculator;
				USES_XCTRUNNER = YES;
			};
			name = Debug;
		};
		5C7924A21CF4CFE1006E0716 /* Release */ = {
			isa = XCBuildConfiguration;
			buildSettings = {
				INFOPLIST_FILE = CalculatorUITests/Info.plist;
				LD_RUNPATH_SEARCH_PATHS = "$(inherited) @executable_path/Frameworks @loader_path/Frameworks";
				PRODUCT_BUNDLE_IDENTIFIER = COP4656.CalculatorUITests;
				PRODUCT_NAME = "$(TARGET_NAME)";
				TEST_TARGET_NAME = Calculator;
				USES_XCTRUNNER = YES;
			};
			name = Release;
		};
/* End XCBuildConfiguration section */

/* Begin XCConfigurationList section */
		5C7924681CF4CFE1006E0716 /* Build configuration list for PBXProject "Calculator" */ = {
			isa = XCConfigurationList;
			buildConfigurations = (
				5C7924981CF4CFE1006E0716 /* Debug */,
				5C7924991CF4CFE1006E0716 /* Release */,
			);
			defaultConfigurationIsVisible = 0;
			defaultConfigurationName = Release;
		};
		5C79249A1CF4CFE1006E0716 /* Build configuration list for PBXNativeTarget "Calculator" */ = {
			isa = XCConfigurationList;
			buildConfigurations = (
				5C79249B1CF4CFE1006E0716 /* Debug */,
				5C79249C1CF4CFE1006E0716 /* Release */,
			);
			defaultConfigurationIsVisible = 0;
		};
		5C79249D1CF4CFE1006E0716 /* Build configuration list for PBXNativeTarget "CalculatorTests" */ = {
			isa = XCConfigurationList;
			buildConfigurations = (
				5C79249E1CF4CFE1006E0716 /* Debug */,
				5C79249F1CF4CFE1006E0716 /* Release */,
			);
			defaultConfigurationIsVisible = 0;
		};
		5C7924A01CF4CFE1006E0716 /* Build configuration list for PBXNativeTarget "CalculatorUITests" */ = {
			isa = XCConfigurationList;
			buildConfigurations = (
				5C7924A11CF4CFE1006E0716 /* Debug */,
				5C7924A21CF4CFE1006E0716 /* Release */,
			);
			defaultConfigurationIsVisible = 0;
		};
/* End XCConfigurationList section */
	};
	rootObject = 5C7924651CF4CFE1006E0716 /* Project object */;
}
