// !$*UTF8*$!
{
	archiveVersion = 1;
	classes = {
	};
	objectVersion = 46;
	objects = {

/* Begin PBXBuildFile section */
		5C2966011D0B0A72000EA144 /* main.m in Sources */ = {isa = PBXBuildFile; fileRef = 5C2966001D0B0A72000EA144 /* main.m */; };
		5C2966041D0B0A72000EA144 /* AppDelegate.m in Sources */ = {isa = PBXBuildFile; fileRef = 5C2966031D0B0A72000EA144 /* AppDelegate.m */; };
		5C2966071D0B0A72000EA144 /* MasterViewController.m in Sources */ = {isa = PBXBuildFile; fileRef = 5C2966061D0B0A72000EA144 /* MasterViewController.m */; };
		5C29660A1D0B0A72000EA144 /* DetailViewController.m in Sources */ = {isa = PBXBuildFile; fileRef = 5C2966091D0B0A72000EA144 /* DetailViewController.m */; };
		5C29660D1D0B0A72000EA144 /* Main.storyboard in Resources */ = {isa = PBXBuildFile; fileRef = 5C29660B1D0B0A72000EA144 /* Main.storyboard */; };
		5C29660F1D0B0A72000EA144 /* Assets.xcassets in Resources */ = {isa = PBXBuildFile; fileRef = 5C29660E1D0B0A72000EA144 /* Assets.xcassets */; };
		5C2966121D0B0A72000EA144 /* LaunchScreen.storyboard in Resources */ = {isa = PBXBuildFile; fileRef = 5C2966101D0B0A72000EA144 /* LaunchScreen.storyboard */; };
		5C29661D1D0B0A72000EA144 /* ToDoAppTests.m in Sources */ = {isa = PBXBuildFile; fileRef = 5C29661C1D0B0A72000EA144 /* ToDoAppTests.m */; };
		5C2966281D0B0A72000EA144 /* ToDoAppUITests.m in Sources */ = {isa = PBXBuildFile; fileRef = 5C2966271D0B0A72000EA144 /* ToDoAppUITests.m */; };
		5C2966371D0F7BBC000EA144 /* ToDoInstance.m in Sources */ = {isa = PBXBuildFile; fileRef = 5C2966361D0F7BBC000EA144 /* ToDoInstance.m */; };
/* End PBXBuildFile section */

/* Begin PBXContainerItemProxy section */
		5C2966191D0B0A72000EA144 /* PBXContainerItemProxy */ = {
			isa = PBXContainerItemProxy;
			containerPortal = 5C2965F41D0B0A72000EA144 /* Project object */;
			proxyType = 1;
			remoteGlobalIDString = 5C2965FB1D0B0A72000EA144;
			remoteInfo = ToDoApp;
		};
		5C2966241D0B0A72000EA144 /* PBXContainerItemProxy */ = {
			isa = PBXContainerItemProxy;
			containerPortal = 5C2965F41D0B0A72000EA144 /* Project object */;
			proxyType = 1;
			remoteGlobalIDString = 5C2965FB1D0B0A72000EA144;
			remoteInfo = ToDoApp;
		};
/* End PBXContainerItemProxy section */

/* Begin PBXFileReference section */
		5C2965FC1D0B0A72000EA144 /* ToDoApp.app */ = {isa = PBXFileReference; explicitFileType = wrapper.application; includeInIndex = 0; path = ToDoApp.app; sourceTree = BUILT_PRODUCTS_DIR; };
		5C2966001D0B0A72000EA144 /* main.m */ = {isa = PBXFileReference; lastKnownFileType = sourcecode.c.objc; path = main.m; sourceTree = "<group>"; };
		5C2966021D0B0A72000EA144 /* AppDelegate.h */ = {isa = PBXFileReference; lastKnownFileType = sourcecode.c.h; path = AppDelegate.h; sourceTree = "<group>"; };
		5C2966031D0B0A72000EA144 /* AppDelegate.m */ = {isa = PBXFileReference; lastKnownFileType = sourcecode.c.objc; path = AppDelegate.m; sourceTree = "<group>"; };
		5C2966051D0B0A72000EA144 /* MasterViewController.h */ = {isa = PBXFileReference; lastKnownFileType = sourcecode.c.h; path = MasterViewController.h; sourceTree = "<group>"; };
		5C2966061D0B0A72000EA144 /* MasterViewController.m */ = {isa = PBXFileReference; lastKnownFileType = sourcecode.c.objc; path = MasterViewController.m; sourceTree = "<group>"; };
		5C2966081D0B0A72000EA144 /* DetailViewController.h */ = {isa = PBXFileReference; lastKnownFileType = sourcecode.c.h; path = DetailViewController.h; sourceTree = "<group>"; };
		5C2966091D0B0A72000EA144 /* DetailViewController.m */ = {isa = PBXFileReference; lastKnownFileType = sourcecode.c.objc; path = DetailViewController.m; sourceTree = "<group>"; };
		5C29660C1D0B0A72000EA144 /* Base */ = {isa = PBXFileReference; lastKnownFileType = file.storyboard; name = Base; path = Base.lproj/Main.storyboard; sourceTree = "<group>"; };
		5C29660E1D0B0A72000EA144 /* Assets.xcassets */ = {isa = PBXFileReference; lastKnownFileType = folder.assetcatalog; path = Assets.xcassets; sourceTree = "<group>"; };
		5C2966111D0B0A72000EA144 /* Base */ = {isa = PBXFileReference; lastKnownFileType = file.storyboard; name = Base; path = Base.lproj/LaunchScreen.storyboard; sourceTree = "<group>"; };
		5C2966131D0B0A72000EA144 /* Info.plist */ = {isa = PBXFileReference; lastKnownFileType = text.plist.xml; path = Info.plist; sourceTree = "<group>"; };
		5C2966181D0B0A72000EA144 /* ToDoAppTests.xctest */ = {isa = PBXFileReference; explicitFileType = wrapper.cfbundle; includeInIndex = 0; path = ToDoAppTests.xctest; sourceTree = BUILT_PRODUCTS_DIR; };
		5C29661C1D0B0A72000EA144 /* ToDoAppTests.m */ = {isa = PBXFileReference; lastKnownFileType = sourcecode.c.objc; path = ToDoAppTests.m; sourceTree = "<group>"; };
		5C29661E1D0B0A72000EA144 /* Info.plist */ = {isa = PBXFileReference; lastKnownFileType = text.plist.xml; path = Info.plist; sourceTree = "<group>"; };
		5C2966231D0B0A72000EA144 /* ToDoAppUITests.xctest */ = {isa = PBXFileReference; explicitFileType = wrapper.cfbundle; includeInIndex = 0; path = ToDoAppUITests.xctest; sourceTree = BUILT_PRODUCTS_DIR; };
		5C2966271D0B0A72000EA144 /* ToDoAppUITests.m */ = {isa = PBXFileReference; lastKnownFileType = sourcecode.c.objc; path = ToDoAppUITests.m; sourceTree = "<group>"; };
		5C2966291D0B0A72000EA144 /* Info.plist */ = {isa = PBXFileReference; lastKnownFileType = text.plist.xml; path = Info.plist; sourceTree = "<group>"; };
		5C2966351D0F7BBC000EA144 /* ToDoInstance.h */ = {isa = PBXFileReference; fileEncoding = 4; lastKnownFileType = sourcecode.c.h; path = ToDoInstance.h; sourceTree = "<group>"; };
		5C2966361D0F7BBC000EA144 /* ToDoInstance.m */ = {isa = PBXFileReference; fileEncoding = 4; lastKnownFileType = sourcecode.c.objc; path = ToDoInstance.m; sourceTree = "<group>"; };
/* End PBXFileReference section */

/* Begin PBXFrameworksBuildPhase section */
		5C2965F91D0B0A72000EA144 /* Frameworks */ = {
			isa = PBXFrameworksBuildPhase;
			buildActionMask = 2147483647;
			files = (
			);
			runOnlyForDeploymentPostprocessing = 0;
		};
		5C2966151D0B0A72000EA144 /* Frameworks */ = {
			isa = PBXFrameworksBuildPhase;
			buildActionMask = 2147483647;
			files = (
			);
			runOnlyForDeploymentPostprocessing = 0;
		};
		5C2966201D0B0A72000EA144 /* Frameworks */ = {
			isa = PBXFrameworksBuildPhase;
			buildActionMask = 2147483647;
			files = (
			);
			runOnlyForDeploymentPostprocessing = 0;
		};
/* End PBXFrameworksBuildPhase section */

/* Begin PBXGroup section */
		5C2965F31D0B0A72000EA144 = {
			isa = PBXGroup;
			children = (
				5C2965FE1D0B0A72000EA144 /* ToDoApp */,
				5C29661B1D0B0A72000EA144 /* ToDoAppTests */,
				5C2966261D0B0A72000EA144 /* ToDoAppUITests */,
				5C2965FD1D0B0A72000EA144 /* Products */,
			);
			sourceTree = "<group>";
		};
		5C2965FD1D0B0A72000EA144 /* Products */ = {
			isa = PBXGroup;
			children = (
				5C2965FC1D0B0A72000EA144 /* ToDoApp.app */,
				5C2966181D0B0A72000EA144 /* ToDoAppTests.xctest */,
				5C2966231D0B0A72000EA144 /* ToDoAppUITests.xctest */,
			);
			name = Products;
			sourceTree = "<group>";
		};
		5C2965FE1D0B0A72000EA144 /* ToDoApp */ = {
			isa = PBXGroup;
			children = (
				5C2966021D0B0A72000EA144 /* AppDelegate.h */,
				5C2966031D0B0A72000EA144 /* AppDelegate.m */,
				5C2966051D0B0A72000EA144 /* MasterViewController.h */,
				5C2966061D0B0A72000EA144 /* MasterViewController.m */,
				5C2966351D0F7BBC000EA144 /* ToDoInstance.h */,
				5C2966361D0F7BBC000EA144 /* ToDoInstance.m */,
				5C2966081D0B0A72000EA144 /* DetailViewController.h */,
				5C2966091D0B0A72000EA144 /* DetailViewController.m */,
				5C29660B1D0B0A72000EA144 /* Main.storyboard */,
				5C29660E1D0B0A72000EA144 /* Assets.xcassets */,
				5C2966101D0B0A72000EA144 /* LaunchScreen.storyboard */,
				5C2966131D0B0A72000EA144 /* Info.plist */,
				5C2965FF1D0B0A72000EA144 /* Supporting Files */,
			);
			path = ToDoApp;
			sourceTree = "<group>";
		};
		5C2965FF1D0B0A72000EA144 /* Supporting Files */ = {
			isa = PBXGroup;
			children = (
				5C2966001D0B0A72000EA144 /* main.m */,
			);
			name = "Supporting Files";
			sourceTree = "<group>";
		};
		5C29661B1D0B0A72000EA144 /* ToDoAppTests */ = {
			isa = PBXGroup;
			children = (
				5C29661C1D0B0A72000EA144 /* ToDoAppTests.m */,
				5C29661E1D0B0A72000EA144 /* Info.plist */,
			);
			path = ToDoAppTests;
			sourceTree = "<group>";
		};
		5C2966261D0B0A72000EA144 /* ToDoAppUITests */ = {
			isa = PBXGroup;
			children = (
				5C2966271D0B0A72000EA144 /* ToDoAppUITests.m */,
				5C2966291D0B0A72000EA144 /* Info.plist */,
			);
			path = ToDoAppUITests;
			sourceTree = "<group>";
		};
/* End PBXGroup section */

/* Begin PBXNativeTarget section */
		5C2965FB1D0B0A72000EA144 /* ToDoApp */ = {
			isa = PBXNativeTarget;
			buildConfigurationList = 5C29662C1D0B0A72000EA144 /* Build configuration list for PBXNativeTarget "ToDoApp" */;
			buildPhases = (
				5C2965F81D0B0A72000EA144 /* Sources */,
				5C2965F91D0B0A72000EA144 /* Frameworks */,
				5C2965FA1D0B0A72000EA144 /* Resources */,
			);
			buildRules = (
			);
			dependencies = (
			);
			name = ToDoApp;
			productName = ToDoApp;
			productReference = 5C2965FC1D0B0A72000EA144 /* ToDoApp.app */;
			productType = "com.apple.product-type.application";
		};
		5C2966171D0B0A72000EA144 /* ToDoAppTests */ = {
			isa = PBXNativeTarget;
			buildConfigurationList = 5C29662F1D0B0A72000EA144 /* Build configuration list for PBXNativeTarget "ToDoAppTests" */;
			buildPhases = (
				5C2966141D0B0A72000EA144 /* Sources */,
				5C2966151D0B0A72000EA144 /* Frameworks */,
				5C2966161D0B0A72000EA144 /* Resources */,
			);
			buildRules = (
			);
			dependencies = (
				5C29661A1D0B0A72000EA144 /* PBXTargetDependency */,
			);
			name = ToDoAppTests;
			productName = ToDoAppTests;
			productReference = 5C2966181D0B0A72000EA144 /* ToDoAppTests.xctest */;
			productType = "com.apple.product-type.bundle.unit-test";
		};
		5C2966221D0B0A72000EA144 /* ToDoAppUITests */ = {
			isa = PBXNativeTarget;
			buildConfigurationList = 5C2966321D0B0A72000EA144 /* Build configuration list for PBXNativeTarget "ToDoAppUITests" */;
			buildPhases = (
				5C29661F1D0B0A72000EA144 /* Sources */,
				5C2966201D0B0A72000EA144 /* Frameworks */,
				5C2966211D0B0A72000EA144 /* Resources */,
			);
			buildRules = (
			);
			dependencies = (
				5C2966251D0B0A72000EA144 /* PBXTargetDependency */,
			);
			name = ToDoAppUITests;
			productName = ToDoAppUITests;
			productReference = 5C2966231D0B0A72000EA144 /* ToDoAppUITests.xctest */;
			productType = "com.apple.product-type.bundle.ui-testing";
		};
/* End PBXNativeTarget section */

/* Begin PBXProject section */
		5C2965F41D0B0A72000EA144 /* Project object */ = {
			isa = PBXProject;
			attributes = {
				LastUpgradeCheck = 0730;
				ORGANIZATIONNAME = "Matthew Harrison";
				TargetAttributes = {
					5C2965FB1D0B0A72000EA144 = {
						CreatedOnToolsVersion = 7.3.1;
						DevelopmentTeam = 4626DY2552;
					};
					5C2966171D0B0A72000EA144 = {
						CreatedOnToolsVersion = 7.3.1;
						DevelopmentTeam = 4626DY2552;
						TestTargetID = 5C2965FB1D0B0A72000EA144;
					};
					5C2966221D0B0A72000EA144 = {
						CreatedOnToolsVersion = 7.3.1;
						DevelopmentTeam = 4626DY2552;
						TestTargetID = 5C2965FB1D0B0A72000EA144;
					};
				};
			};
			buildConfigurationList = 5C2965F71D0B0A72000EA144 /* Build configuration list for PBXProject "ToDoApp" */;
			compatibilityVersion = "Xcode 3.2";
			developmentRegion = English;
			hasScannedForEncodings = 0;
			knownRegions = (
				en,
				Base,
			);
			mainGroup = 5C2965F31D0B0A72000EA144;
			productRefGroup = 5C2965FD1D0B0A72000EA144 /* Products */;
			projectDirPath = "";
			projectRoot = "";
			targets = (
				5C2965FB1D0B0A72000EA144 /* ToDoApp */,
				5C2966171D0B0A72000EA144 /* ToDoAppTests */,
				5C2966221D0B0A72000EA144 /* ToDoAppUITests */,
			);
		};
/* End PBXProject section */

/* Begin PBXResourcesBuildPhase section */
		5C2965FA1D0B0A72000EA144 /* Resources */ = {
			isa = PBXResourcesBuildPhase;
			buildActionMask = 2147483647;
			files = (
				5C2966121D0B0A72000EA144 /* LaunchScreen.storyboard in Resources */,
				5C29660F1D0B0A72000EA144 /* Assets.xcassets in Resources */,
				5C29660D1D0B0A72000EA144 /* Main.storyboard in Resources */,
			);
			runOnlyForDeploymentPostprocessing = 0;
		};
		5C2966161D0B0A72000EA144 /* Resources */ = {
			isa = PBXResourcesBuildPhase;
			buildActionMask = 2147483647;
			files = (
			);
			runOnlyForDeploymentPostprocessing = 0;
		};
		5C2966211D0B0A72000EA144 /* Resources */ = {
			isa = PBXResourcesBuildPhase;
			buildActionMask = 2147483647;
			files = (
			);
			runOnlyForDeploymentPostprocessing = 0;
		};
/* End PBXResourcesBuildPhase section */

/* Begin PBXSourcesBuildPhase section */
		5C2965F81D0B0A72000EA144 /* Sources */ = {
			isa = PBXSourcesBuildPhase;
			buildActionMask = 2147483647;
			files = (
				5C2966041D0B0A72000EA144 /* AppDelegate.m in Sources */,
				5C2966071D0B0A72000EA144 /* MasterViewController.m in Sources */,
				5C2966371D0F7BBC000EA144 /* ToDoInstance.m in Sources */,
				5C2966011D0B0A72000EA144 /* main.m in Sources */,
				5C29660A1D0B0A72000EA144 /* DetailViewController.m in Sources */,
			);
			runOnlyForDeploymentPostprocessing = 0;
		};
		5C2966141D0B0A72000EA144 /* Sources */ = {
			isa = PBXSourcesBuildPhase;
			buildActionMask = 2147483647;
			files = (
				5C29661D1D0B0A72000EA144 /* ToDoAppTests.m in Sources */,
			);
			runOnlyForDeploymentPostprocessing = 0;
		};
		5C29661F1D0B0A72000EA144 /* Sources */ = {
			isa = PBXSourcesBuildPhase;
			buildActionMask = 2147483647;
			files = (
				5C2966281D0B0A72000EA144 /* ToDoAppUITests.m in Sources */,
			);
			runOnlyForDeploymentPostprocessing = 0;
		};
/* End PBXSourcesBuildPhase section */

/* Begin PBXTargetDependency section */
		5C29661A1D0B0A72000EA144 /* PBXTargetDependency */ = {
			isa = PBXTargetDependency;
			target = 5C2965FB1D0B0A72000EA144 /* ToDoApp */;
			targetProxy = 5C2966191D0B0A72000EA144 /* PBXContainerItemProxy */;
		};
		5C2966251D0B0A72000EA144 /* PBXTargetDependency */ = {
			isa = PBXTargetDependency;
			target = 5C2965FB1D0B0A72000EA144 /* ToDoApp */;
			targetProxy = 5C2966241D0B0A72000EA144 /* PBXContainerItemProxy */;
		};
/* End PBXTargetDependency section */

/* Begin PBXVariantGroup section */
		5C29660B1D0B0A72000EA144 /* Main.storyboard */ = {
			isa = PBXVariantGroup;
			children = (
				5C29660C1D0B0A72000EA144 /* Base */,
			);
			name = Main.storyboard;
			sourceTree = "<group>";
		};
		5C2966101D0B0A72000EA144 /* LaunchScreen.storyboard */ = {
			isa = PBXVariantGroup;
			children = (
				5C2966111D0B0A72000EA144 /* Base */,
			);
			name = LaunchScreen.storyboard;
			sourceTree = "<group>";
		};
/* End PBXVariantGroup section */

/* Begin XCBuildConfiguration section */
		5C29662A1D0B0A72000EA144 /* Debug */ = {
			isa = XCBuildConfiguration;
			buildSettings = {
				ALWAYS_SEARCH_USER_PATHS = NO;
				CLANG_ANALYZER_NONNULL = YES;
				CLANG_CXX_LANGUAGE_STANDARD = "gnu++0x";
				CLANG_CXX_LIBRARY = "libc++";
				CLANG_ENABLE_MODULES = YES;
				CLANG_ENABLE_OBJC_ARC = YES;
				CLANG_WARN_BOOL_CONVERSION = YES;
				CLANG_WARN_CONSTANT_CONVERSION = YES;
				CLANG_WARN_DIRECT_OBJC_ISA_USAGE = YES_ERROR;
				CLANG_WARN_EMPTY_BODY = YES;
				CLANG_WARN_ENUM_CONVERSION = YES;
				CLANG_WARN_INT_CONVERSION = YES;
				CLANG_WARN_OBJC_ROOT_CLASS = YES_ERROR;
				CLANG_WARN_UNREACHABLE_CODE = YES;
				CLANG_WARN__DUPLICATE_METHOD_MATCH = YES;
				"CODE_SIGN_IDENTITY[sdk=iphoneos*]" = "iPhone Developer";
				COPY_PHASE_STRIP = NO;
				DEBUG_INFORMATION_FORMAT = dwarf;
				ENABLE_STRICT_OBJC_MSGSEND = YES;
				ENABLE_TESTABILITY = YES;
				GCC_C_LANGUAGE_STANDARD = gnu99;
				GCC_DYNAMIC_NO_PIC = NO;
				GCC_NO_COMMON_BLOCKS = YES;
				GCC_OPTIMIZATION_LEVEL = 0;
				GCC_PREPROCESSOR_DEFINITIONS = (
					"DEBUG=1",
					"$(inherited)",
				);
				GCC_WARN_64_TO_32_BIT_CONVERSION = YES;
				GCC_WARN_ABOUT_RETURN_TYPE = YES_ERROR;
				GCC_WARN_UNDECLARED_SELECTOR = YES;
				GCC_WARN_UNINITIALIZED_AUTOS = YES_AGGRESSIVE;
				GCC_WARN_UNUSED_FUNCTION = YES;
				GCC_WARN_UNUSED_VARIABLE = YES;
				IPHONEOS_DEPLOYMENT_TARGET = 9.3;
				MTL_ENABLE_DEBUG_INFO = YES;
				ONLY_ACTIVE_ARCH = YES;
				SDKROOT = iphoneos;
			};
			name = Debug;
		};
		5C29662B1D0B0A72000EA144 /* Release */ = {
			isa = XCBuildConfiguration;
			buildSettings = {
				ALWAYS_SEARCH_USER_PATHS = NO;
				CLANG_ANALYZER_NONNULL = YES;
				CLANG_CXX_LANGUAGE_STANDARD = "gnu++0x";
				CLANG_CXX_LIBRARY = "libc++";
				CLANG_ENABLE_MODULES = YES;
				CLANG_ENABLE_OBJC_ARC = YES;
				CLANG_WARN_BOOL_CONVERSION = YES;
				CLANG_WARN_CONSTANT_CONVERSION = YES;
				CLANG_WARN_DIRECT_OBJC_ISA_USAGE = YES_ERROR;
				CLANG_WARN_EMPTY_BODY = YES;
				CLANG_WARN_ENUM_CONVERSION = YES;
				CLANG_WARN_INT_CONVERSION = YES;
				CLANG_WARN_OBJC_ROOT_CLASS = YES_ERROR;
				CLANG_WARN_UNREACHABLE_CODE = YES;
				CLANG_WARN__DUPLICATE_METHOD_MATCH = YES;
				"CODE_SIGN_IDENTITY[sdk=iphoneos*]" = "iPhone Developer";
				COPY_PHASE_STRIP = NO;
				DEBUG_INFORMATION_FORMAT = "dwarf-with-dsym";
				ENABLE_NS_ASSERTIONS = NO;
				ENABLE_STRICT_OBJC_MSGSEND = YES;
				GCC_C_LANGUAGE_STANDARD = gnu99;
				GCC_NO_COMMON_BLOCKS = YES;
				GCC_WARN_64_TO_32_BIT_CONVERSION = YES;
				GCC_WARN_ABOUT_RETURN_TYPE = YES_ERROR;
				GCC_WARN_UNDECLARED_SELECTOR = YES;
				GCC_WARN_UNINITIALIZED_AUTOS = YES_AGGRESSIVE;
				GCC_WARN_UNUSED_FUNCTION = YES;
				GCC_WARN_UNUSED_VARIABLE = YES;
				IPHONEOS_DEPLOYMENT_TARGET = 9.3;
				MTL_ENABLE_DEBUG_INFO = NO;
				SDKROOT = iphoneos;
				VALIDATE_PRODUCT = YES;
			};
			name = Release;
		};
		5C29662D1D0B0A72000EA144 /* Debug */ = {
			isa = XCBuildConfiguration;
			buildSettings = {
				ASSETCATALOG_COMPILER_APPICON_NAME = AppIcon;
				INFOPLIST_FILE = ToDoApp/Info.plist;
				LD_RUNPATH_SEARCH_PATHS = "$(inherited) @executable_path/Frameworks";
				PRODUCT_BUNDLE_IDENTIFIER = COP4656.ToDoApp;
				PRODUCT_NAME = "$(TARGET_NAME)";
			};
			name = Debug;
		};
		5C29662E1D0B0A72000EA144 /* Release */ = {
			isa = XCBuildConfiguration;
			buildSettings = {
				ASSETCATALOG_COMPILER_APPICON_NAME = AppIcon;
				INFOPLIST_FILE = ToDoApp/Info.plist;
				LD_RUNPATH_SEARCH_PATHS = "$(inherited) @executable_path/Frameworks";
				PRODUCT_BUNDLE_IDENTIFIER = COP4656.ToDoApp;
				PRODUCT_NAME = "$(TARGET_NAME)";
			};
			name = Release;
		};
		5C2966301D0B0A72000EA144 /* Debug */ = {
			isa = XCBuildConfiguration;
			buildSettings = {
				BUNDLE_LOADER = "$(TEST_HOST)";
				INFOPLIST_FILE = ToDoAppTests/Info.plist;
				LD_RUNPATH_SEARCH_PATHS = "$(inherited) @executable_path/Frameworks @loader_path/Frameworks";
				PRODUCT_BUNDLE_IDENTIFIER = COP4656.ToDoAppTests;
				PRODUCT_NAME = "$(TARGET_NAME)";
				TEST_HOST = "$(BUILT_PRODUCTS_DIR)/ToDoApp.app/ToDoApp";
			};
			name = Debug;
		};
		5C2966311D0B0A72000EA144 /* Release */ = {
			isa = XCBuildConfiguration;
			buildSettings = {
				BUNDLE_LOADER = "$(TEST_HOST)";
				INFOPLIST_FILE = ToDoAppTests/Info.plist;
				LD_RUNPATH_SEARCH_PATHS = "$(inherited) @executable_path/Frameworks @loader_path/Frameworks";
				PRODUCT_BUNDLE_IDENTIFIER = COP4656.ToDoAppTests;
				PRODUCT_NAME = "$(TARGET_NAME)";
				TEST_HOST = "$(BUILT_PRODUCTS_DIR)/ToDoApp.app/ToDoApp";
			};
			name = Release;
		};
		5C2966331D0B0A72000EA144 /* Debug */ = {
			isa = XCBuildConfiguration;
			buildSettings = {
				INFOPLIST_FILE = ToDoAppUITests/Info.plist;
				LD_RUNPATH_SEARCH_PATHS = "$(inherited) @executable_path/Frameworks @loader_path/Frameworks";
				PRODUCT_BUNDLE_IDENTIFIER = COP4656.ToDoAppUITests;
				PRODUCT_NAME = "$(TARGET_NAME)";
				TEST_TARGET_NAME = ToDoApp;
			};
			name = Debug;
		};
		5C2966341D0B0A72000EA144 /* Release */ = {
			isa = XCBuildConfiguration;
			buildSettings = {
				INFOPLIST_FILE = ToDoAppUITests/Info.plist;
				LD_RUNPATH_SEARCH_PATHS = "$(inherited) @executable_path/Frameworks @loader_path/Frameworks";
				PRODUCT_BUNDLE_IDENTIFIER = COP4656.ToDoAppUITests;
				PRODUCT_NAME = "$(TARGET_NAME)";
				TEST_TARGET_NAME = ToDoApp;
			};
			name = Release;
		};
/* End XCBuildConfiguration section */

/* Begin XCConfigurationList section */
		5C2965F71D0B0A72000EA144 /* Build configuration list for PBXProject "ToDoApp" */ = {
			isa = XCConfigurationList;
			buildConfigurations = (
				5C29662A1D0B0A72000EA144 /* Debug */,
				5C29662B1D0B0A72000EA144 /* Release */,
			);
			defaultConfigurationIsVisible = 0;
			defaultConfigurationName = Release;
		};
		5C29662C1D0B0A72000EA144 /* Build configuration list for PBXNativeTarget "ToDoApp" */ = {
			isa = XCConfigurationList;
			buildConfigurations = (
				5C29662D1D0B0A72000EA144 /* Debug */,
				5C29662E1D0B0A72000EA144 /* Release */,
			);
			defaultConfigurationIsVisible = 0;
			defaultConfigurationName = Release;
		};
		5C29662F1D0B0A72000EA144 /* Build configuration list for PBXNativeTarget "ToDoAppTests" */ = {
			isa = XCConfigurationList;
			buildConfigurations = (
				5C2966301D0B0A72000EA144 /* Debug */,
				5C2966311D0B0A72000EA144 /* Release */,
			);
			defaultConfigurationIsVisible = 0;
			defaultConfigurationName = Release;
		};
		5C2966321D0B0A72000EA144 /* Build configuration list for PBXNativeTarget "ToDoAppUITests" */ = {
			isa = XCConfigurationList;
			buildConfigurations = (
				5C2966331D0B0A72000EA144 /* Debug */,
				5C2966341D0B0A72000EA144 /* Release */,
			);
			defaultConfigurationIsVisible = 0;
			defaultConfigurationName = Release;
		};
/* End XCConfigurationList section */
	};
	rootObject = 5C2965F41D0B0A72000EA144 /* Project object */;
}
