// !$*UTF8*$!
{
	archiveVersion = 1;
	classes = {
	};
	objectVersion = 46;
	objects = {

/* Begin PBXBuildFile section */
		5C2967E51D2D638C000EA144 /* main.m in Sources */ = {isa = PBXBuildFile; fileRef = 5C2967E41D2D638C000EA144 /* main.m */; };
		5C2967E81D2D638C000EA144 /* AppDelegate.m in Sources */ = {isa = PBXBuildFile; fileRef = 5C2967E71D2D638C000EA144 /* AppDelegate.m */; };
		5C2967EB1D2D638C000EA144 /* MasterViewController.m in Sources */ = {isa = PBXBuildFile; fileRef = 5C2967EA1D2D638C000EA144 /* MasterViewController.m */; };
		5C2967EE1D2D638C000EA144 /* DetailViewController.m in Sources */ = {isa = PBXBuildFile; fileRef = 5C2967ED1D2D638C000EA144 /* DetailViewController.m */; };
		5C2967F11D2D638C000EA144 /* Main.storyboard in Resources */ = {isa = PBXBuildFile; fileRef = 5C2967EF1D2D638C000EA144 /* Main.storyboard */; };
		5C2967F61D2D638C000EA144 /* LaunchScreen.storyboard in Resources */ = {isa = PBXBuildFile; fileRef = 5C2967F41D2D638C000EA144 /* LaunchScreen.storyboard */; };
		5C2968011D2D638C000EA144 /* InventreeTests.m in Sources */ = {isa = PBXBuildFile; fileRef = 5C2968001D2D638C000EA144 /* InventreeTests.m */; };
		5C29680C1D2D638C000EA144 /* InventreeUITests.m in Sources */ = {isa = PBXBuildFile; fileRef = 5C29680B1D2D638C000EA144 /* InventreeUITests.m */; };
		5C2968591D2FF4C4000EA144 /* libsqlite3.tbd in Frameworks */ = {isa = PBXBuildFile; fileRef = 5C2968581D2FF4C3000EA144 /* libsqlite3.tbd */; };
		5C7EE3721D426C250029CF96 /* Media.xcassets in Resources */ = {isa = PBXBuildFile; fileRef = 5C7EE3711D426C250029CF96 /* Media.xcassets */; };
		5C7EE3801D466D840029CF96 /* ImageFiles in Resources */ = {isa = PBXBuildFile; fileRef = 5C7EE37F1D466D840029CF96 /* ImageFiles */; };
/* End PBXBuildFile section */

/* Begin PBXContainerItemProxy section */
		5C2967FD1D2D638C000EA144 /* PBXContainerItemProxy */ = {
			isa = PBXContainerItemProxy;
			containerPortal = 5C2967D81D2D638C000EA144 /* Project object */;
			proxyType = 1;
			remoteGlobalIDString = 5C2967DF1D2D638C000EA144;
			remoteInfo = Inventree;
		};
		5C2968081D2D638C000EA144 /* PBXContainerItemProxy */ = {
			isa = PBXContainerItemProxy;
			containerPortal = 5C2967D81D2D638C000EA144 /* Project object */;
			proxyType = 1;
			remoteGlobalIDString = 5C2967DF1D2D638C000EA144;
			remoteInfo = Inventree;
		};
/* End PBXContainerItemProxy section */

/* Begin PBXFileReference section */
		5C2967E01D2D638C000EA144 /* Inventree.app */ = {isa = PBXFileReference; explicitFileType = wrapper.application; includeInIndex = 0; path = Inventree.app; sourceTree = BUILT_PRODUCTS_DIR; };
		5C2967E41D2D638C000EA144 /* main.m */ = {isa = PBXFileReference; lastKnownFileType = sourcecode.c.objc; path = main.m; sourceTree = "<group>"; };
		5C2967E61D2D638C000EA144 /* AppDelegate.h */ = {isa = PBXFileReference; lastKnownFileType = sourcecode.c.h; path = AppDelegate.h; sourceTree = "<group>"; };
		5C2967E71D2D638C000EA144 /* AppDelegate.m */ = {isa = PBXFileReference; lastKnownFileType = sourcecode.c.objc; path = AppDelegate.m; sourceTree = "<group>"; };
		5C2967E91D2D638C000EA144 /* MasterViewController.h */ = {isa = PBXFileReference; lastKnownFileType = sourcecode.c.h; path = MasterViewController.h; sourceTree = "<group>"; };
		5C2967EA1D2D638C000EA144 /* MasterViewController.m */ = {isa = PBXFileReference; lastKnownFileType = sourcecode.c.objc; path = MasterViewController.m; sourceTree = "<group>"; };
		5C2967EC1D2D638C000EA144 /* DetailViewController.h */ = {isa = PBXFileReference; lastKnownFileType = sourcecode.c.h; path = DetailViewController.h; sourceTree = "<group>"; };
		5C2967ED1D2D638C000EA144 /* DetailViewController.m */ = {isa = PBXFileReference; lastKnownFileType = sourcecode.c.objc; path = DetailViewController.m; sourceTree = "<group>"; };
		5C2967F01D2D638C000EA144 /* Base */ = {isa = PBXFileReference; lastKnownFileType = file.storyboard; name = Base; path = Base.lproj/Main.storyboard; sourceTree = "<group>"; };
		5C2967F51D2D638C000EA144 /* Base */ = {isa = PBXFileReference; lastKnownFileType = file.storyboard; name = Base; path = Base.lproj/LaunchScreen.storyboard; sourceTree = "<group>"; };
		5C2967F71D2D638C000EA144 /* Info.plist */ = {isa = PBXFileReference; lastKnownFileType = text.plist.xml; path = Info.plist; sourceTree = "<group>"; };
		5C2967FC1D2D638C000EA144 /* InventreeTests.xctest */ = {isa = PBXFileReference; explicitFileType = wrapper.cfbundle; includeInIndex = 0; path = InventreeTests.xctest; sourceTree = BUILT_PRODUCTS_DIR; };
		5C2968001D2D638C000EA144 /* InventreeTests.m */ = {isa = PBXFileReference; lastKnownFileType = sourcecode.c.objc; path = InventreeTests.m; sourceTree = "<group>"; };
		5C2968021D2D638C000EA144 /* Info.plist */ = {isa = PBXFileReference; lastKnownFileType = text.plist.xml; path = Info.plist; sourceTree = "<group>"; };
		5C2968071D2D638C000EA144 /* InventreeUITests.xctest */ = {isa = PBXFileReference; explicitFileType = wrapper.cfbundle; includeInIndex = 0; path = InventreeUITests.xctest; sourceTree = BUILT_PRODUCTS_DIR; };
		5C29680B1D2D638C000EA144 /* InventreeUITests.m */ = {isa = PBXFileReference; lastKnownFileType = sourcecode.c.objc; path = InventreeUITests.m; sourceTree = "<group>"; };
		5C29680D1D2D638C000EA144 /* Info.plist */ = {isa = PBXFileReference; lastKnownFileType = text.plist.xml; path = Info.plist; sourceTree = "<group>"; };
		5C2968581D2FF4C3000EA144 /* libsqlite3.tbd */ = {isa = PBXFileReference; lastKnownFileType = "sourcecode.text-based-dylib-definition"; name = libsqlite3.tbd; path = usr/lib/libsqlite3.tbd; sourceTree = SDKROOT; };
		5C7EE3711D426C250029CF96 /* Media.xcassets */ = {isa = PBXFileReference; lastKnownFileType = folder.assetcatalog; name = Media.xcassets; path = "../../../Pictures/Inventree Pics/Media.xcassets"; sourceTree = "<group>"; };
		5C7EE37F1D466D840029CF96 /* ImageFiles */ = {isa = PBXFileReference; lastKnownFileType = folder; path = ImageFiles; sourceTree = "<group>"; };
/* End PBXFileReference section */

/* Begin PBXFrameworksBuildPhase section */
		5C2967DD1D2D638C000EA144 /* Frameworks */ = {
			isa = PBXFrameworksBuildPhase;
			buildActionMask = 2147483647;
			files = (
				5C2968591D2FF4C4000EA144 /* libsqlite3.tbd in Frameworks */,
			);
			runOnlyForDeploymentPostprocessing = 0;
		};
		5C2967F91D2D638C000EA144 /* Frameworks */ = {
			isa = PBXFrameworksBuildPhase;
			buildActionMask = 2147483647;
			files = (
			);
			runOnlyForDeploymentPostprocessing = 0;
		};
		5C2968041D2D638C000EA144 /* Frameworks */ = {
			isa = PBXFrameworksBuildPhase;
			buildActionMask = 2147483647;
			files = (
			);
			runOnlyForDeploymentPostprocessing = 0;
		};
/* End PBXFrameworksBuildPhase section */

/* Begin PBXGroup section */
		5C2967D71D2D638C000EA144 = {
			isa = PBXGroup;
			children = (
				5C2968581D2FF4C3000EA144 /* libsqlite3.tbd */,
				5C2967E21D2D638C000EA144 /* Inventree */,
				5C2967FF1D2D638C000EA144 /* InventreeTests */,
				5C29680A1D2D638C000EA144 /* InventreeUITests */,
				5C2967E11D2D638C000EA144 /* Products */,
			);
			sourceTree = "<group>";
		};
		5C2967E11D2D638C000EA144 /* Products */ = {
			isa = PBXGroup;
			children = (
				5C2967E01D2D638C000EA144 /* Inventree.app */,
				5C2967FC1D2D638C000EA144 /* InventreeTests.xctest */,
				5C2968071D2D638C000EA144 /* InventreeUITests.xctest */,
			);
			name = Products;
			sourceTree = "<group>";
		};
		5C2967E21D2D638C000EA144 /* Inventree */ = {
			isa = PBXGroup;
			children = (
				5C2967E61D2D638C000EA144 /* AppDelegate.h */,
				5C2967E71D2D638C000EA144 /* AppDelegate.m */,
				5C2967E91D2D638C000EA144 /* MasterViewController.h */,
				5C2967EA1D2D638C000EA144 /* MasterViewController.m */,
				5C2967EC1D2D638C000EA144 /* DetailViewController.h */,
				5C2967ED1D2D638C000EA144 /* DetailViewController.m */,
				5C2967EF1D2D638C000EA144 /* Main.storyboard */,
				5C7EE3711D426C250029CF96 /* Media.xcassets */,
				5C2967F41D2D638C000EA144 /* LaunchScreen.storyboard */,
				5C2967F71D2D638C000EA144 /* Info.plist */,
				5C2967E31D2D638C000EA144 /* Supporting Files */,
			);
			path = Inventree;
			sourceTree = "<group>";
		};
		5C2967E31D2D638C000EA144 /* Supporting Files */ = {
			isa = PBXGroup;
			children = (
				5C7EE37F1D466D840029CF96 /* ImageFiles */,
				5C2967E41D2D638C000EA144 /* main.m */,
			);
			name = "Supporting Files";
			sourceTree = "<group>";
		};
		5C2967FF1D2D638C000EA144 /* InventreeTests */ = {
			isa = PBXGroup;
			children = (
				5C2968001D2D638C000EA144 /* InventreeTests.m */,
				5C2968021D2D638C000EA144 /* Info.plist */,
			);
			path = InventreeTests;
			sourceTree = "<group>";
		};
		5C29680A1D2D638C000EA144 /* InventreeUITests */ = {
			isa = PBXGroup;
			children = (
				5C29680B1D2D638C000EA144 /* InventreeUITests.m */,
				5C29680D1D2D638C000EA144 /* Info.plist */,
			);
			path = InventreeUITests;
			sourceTree = "<group>";
		};
/* End PBXGroup section */

/* Begin PBXNativeTarget section */
		5C2967DF1D2D638C000EA144 /* Inventree */ = {
			isa = PBXNativeTarget;
			buildConfigurationList = 5C2968101D2D638C000EA144 /* Build configuration list for PBXNativeTarget "Inventree" */;
			buildPhases = (
				5C2967DC1D2D638C000EA144 /* Sources */,
				5C2967DD1D2D638C000EA144 /* Frameworks */,
				5C2967DE1D2D638C000EA144 /* Resources */,
			);
			buildRules = (
			);
			dependencies = (
			);
			name = Inventree;
			productName = Inventree;
			productReference = 5C2967E01D2D638C000EA144 /* Inventree.app */;
			productType = "com.apple.product-type.application";
		};
		5C2967FB1D2D638C000EA144 /* InventreeTests */ = {
			isa = PBXNativeTarget;
			buildConfigurationList = 5C2968131D2D638C000EA144 /* Build configuration list for PBXNativeTarget "InventreeTests" */;
			buildPhases = (
				5C2967F81D2D638C000EA144 /* Sources */,
				5C2967F91D2D638C000EA144 /* Frameworks */,
				5C2967FA1D2D638C000EA144 /* Resources */,
			);
			buildRules = (
			);
			dependencies = (
				5C2967FE1D2D638C000EA144 /* PBXTargetDependency */,
			);
			name = InventreeTests;
			productName = InventreeTests;
			productReference = 5C2967FC1D2D638C000EA144 /* InventreeTests.xctest */;
			productType = "com.apple.product-type.bundle.unit-test";
		};
		5C2968061D2D638C000EA144 /* InventreeUITests */ = {
			isa = PBXNativeTarget;
			buildConfigurationList = 5C2968161D2D638C000EA144 /* Build configuration list for PBXNativeTarget "InventreeUITests" */;
			buildPhases = (
				5C2968031D2D638C000EA144 /* Sources */,
				5C2968041D2D638C000EA144 /* Frameworks */,
				5C2968051D2D638C000EA144 /* Resources */,
			);
			buildRules = (
			);
			dependencies = (
				5C2968091D2D638C000EA144 /* PBXTargetDependency */,
			);
			name = InventreeUITests;
			productName = InventreeUITests;
			productReference = 5C2968071D2D638C000EA144 /* InventreeUITests.xctest */;
			productType = "com.apple.product-type.bundle.ui-testing";
		};
/* End PBXNativeTarget section */

/* Begin PBXProject section */
		5C2967D81D2D638C000EA144 /* Project object */ = {
			isa = PBXProject;
			attributes = {
				LastUpgradeCheck = 0730;
				ORGANIZATIONNAME = "Matthew Harrison";
				TargetAttributes = {
					5C2967DF1D2D638C000EA144 = {
						CreatedOnToolsVersion = 7.3.1;
						DevelopmentTeam = 48VR5P8W7H;
					};
					5C2967FB1D2D638C000EA144 = {
						CreatedOnToolsVersion = 7.3.1;
						DevelopmentTeam = 4626DY2552;
						TestTargetID = 5C2967DF1D2D638C000EA144;
					};
					5C2968061D2D638C000EA144 = {
						CreatedOnToolsVersion = 7.3.1;
						DevelopmentTeam = 4626DY2552;
						TestTargetID = 5C2967DF1D2D638C000EA144;
					};
				};
			};
			buildConfigurationList = 5C2967DB1D2D638C000EA144 /* Build configuration list for PBXProject "Inventree" */;
			compatibilityVersion = "Xcode 3.2";
			developmentRegion = English;
			hasScannedForEncodings = 0;
			knownRegions = (
				en,
				Base,
			);
			mainGroup = 5C2967D71D2D638C000EA144;
			productRefGroup = 5C2967E11D2D638C000EA144 /* Products */;
			projectDirPath = "";
			projectRoot = "";
			targets = (
				5C2967DF1D2D638C000EA144 /* Inventree */,
				5C2967FB1D2D638C000EA144 /* InventreeTests */,
				5C2968061D2D638C000EA144 /* InventreeUITests */,
			);
		};
/* End PBXProject section */

/* Begin PBXResourcesBuildPhase section */
		5C2967DE1D2D638C000EA144 /* Resources */ = {
			isa = PBXResourcesBuildPhase;
			buildActionMask = 2147483647;
			files = (
				5C7EE3801D466D840029CF96 /* ImageFiles in Resources */,
				5C2967F61D2D638C000EA144 /* LaunchScreen.storyboard in Resources */,
				5C7EE3721D426C250029CF96 /* Media.xcassets in Resources */,
				5C2967F11D2D638C000EA144 /* Main.storyboard in Resources */,
			);
			runOnlyForDeploymentPostprocessing = 0;
		};
		5C2967FA1D2D638C000EA144 /* Resources */ = {
			isa = PBXResourcesBuildPhase;
			buildActionMask = 2147483647;
			files = (
			);
			runOnlyForDeploymentPostprocessing = 0;
		};
		5C2968051D2D638C000EA144 /* Resources */ = {
			isa = PBXResourcesBuildPhase;
			buildActionMask = 2147483647;
			files = (
			);
			runOnlyForDeploymentPostprocessing = 0;
		};
/* End PBXResourcesBuildPhase section */

/* Begin PBXSourcesBuildPhase section */
		5C2967DC1D2D638C000EA144 /* Sources */ = {
			isa = PBXSourcesBuildPhase;
			buildActionMask = 2147483647;
			files = (
				5C2967E81D2D638C000EA144 /* AppDelegate.m in Sources */,
				5C2967EB1D2D638C000EA144 /* MasterViewController.m in Sources */,
				5C2967E51D2D638C000EA144 /* main.m in Sources */,
				5C2967EE1D2D638C000EA144 /* DetailViewController.m in Sources */,
			);
			runOnlyForDeploymentPostprocessing = 0;
		};
		5C2967F81D2D638C000EA144 /* Sources */ = {
			isa = PBXSourcesBuildPhase;
			buildActionMask = 2147483647;
			files = (
				5C2968011D2D638C000EA144 /* InventreeTests.m in Sources */,
			);
			runOnlyForDeploymentPostprocessing = 0;
		};
		5C2968031D2D638C000EA144 /* Sources */ = {
			isa = PBXSourcesBuildPhase;
			buildActionMask = 2147483647;
			files = (
				5C29680C1D2D638C000EA144 /* InventreeUITests.m in Sources */,
			);
			runOnlyForDeploymentPostprocessing = 0;
		};
/* End PBXSourcesBuildPhase section */

/* Begin PBXTargetDependency section */
		5C2967FE1D2D638C000EA144 /* PBXTargetDependency */ = {
			isa = PBXTargetDependency;
			target = 5C2967DF1D2D638C000EA144 /* Inventree */;
			targetProxy = 5C2967FD1D2D638C000EA144 /* PBXContainerItemProxy */;
		};
		5C2968091D2D638C000EA144 /* PBXTargetDependency */ = {
			isa = PBXTargetDependency;
			target = 5C2967DF1D2D638C000EA144 /* Inventree */;
			targetProxy = 5C2968081D2D638C000EA144 /* PBXContainerItemProxy */;
		};
/* End PBXTargetDependency section */

/* Begin PBXVariantGroup section */
		5C2967EF1D2D638C000EA144 /* Main.storyboard */ = {
			isa = PBXVariantGroup;
			children = (
				5C2967F01D2D638C000EA144 /* Base */,
			);
			name = Main.storyboard;
			sourceTree = "<group>";
		};
		5C2967F41D2D638C000EA144 /* LaunchScreen.storyboard */ = {
			isa = PBXVariantGroup;
			children = (
				5C2967F51D2D638C000EA144 /* Base */,
			);
			name = LaunchScreen.storyboard;
			sourceTree = "<group>";
		};
/* End PBXVariantGroup section */

/* Begin XCBuildConfiguration section */
		5C29680E1D2D638C000EA144 /* Debug */ = {
			isa = XCBuildConfiguration;
			buildSettings = {
				ALWAYS_SEARCH_USER_PATHS = NO;
				CLANG_ANALYZER_NONNULL = YES;
				CLANG_CXX_LANGUAGE_STANDARD = "gnu++0x";
				CLANG_CXX_LIBRARY = "libc++";
				CLANG_ENABLE_MODULES = YES;
				CLANG_ENABLE_OBJC_ARC = YES;
				CLANG_WARN_BOOL_CONVERSION = YES;
				CLANG_WARN_CONSTANT_CONVERSION = YES;
				CLANG_WARN_DIRECT_OBJC_ISA_USAGE = YES_ERROR;
				CLANG_WARN_EMPTY_BODY = YES;
				CLANG_WARN_ENUM_CONVERSION = YES;
				CLANG_WARN_INT_CONVERSION = YES;
				CLANG_WARN_OBJC_ROOT_CLASS = YES_ERROR;
				CLANG_WARN_UNREACHABLE_CODE = YES;
				CLANG_WARN__DUPLICATE_METHOD_MATCH = YES;
				"CODE_SIGN_IDENTITY[sdk=iphoneos*]" = "iPhone Developer";
				COPY_PHASE_STRIP = NO;
				DEBUG_INFORMATION_FORMAT = dwarf;
				ENABLE_STRICT_OBJC_MSGSEND = YES;
				ENABLE_TESTABILITY = YES;
				GCC_C_LANGUAGE_STANDARD = gnu99;
				GCC_DYNAMIC_NO_PIC = NO;
				GCC_NO_COMMON_BLOCKS = YES;
				GCC_OPTIMIZATION_LEVEL = 0;
				GCC_PREPROCESSOR_DEFINITIONS = (
					"DEBUG=1",
					"$(inherited)",
				);
				GCC_WARN_64_TO_32_BIT_CONVERSION = YES;
				GCC_WARN_ABOUT_RETURN_TYPE = YES_ERROR;
				GCC_WARN_UNDECLARED_SELECTOR = YES;
				GCC_WARN_UNINITIALIZED_AUTOS = YES_AGGRESSIVE;
				GCC_WARN_UNUSED_FUNCTION = YES;
				GCC_WARN_UNUSED_VARIABLE = YES;
				IPHONEOS_DEPLOYMENT_TARGET = 9.3;
				MTL_ENABLE_DEBUG_INFO = YES;
				ONLY_ACTIVE_ARCH = YES;
				SDKROOT = iphoneos;
			};
			name = Debug;
		};
		5C29680F1D2D638C000EA144 /* Release */ = {
			isa = XCBuildConfiguration;
			buildSettings = {
				ALWAYS_SEARCH_USER_PATHS = NO;
				CLANG_ANALYZER_NONNULL = YES;
				CLANG_CXX_LANGUAGE_STANDARD = "gnu++0x";
				CLANG_CXX_LIBRARY = "libc++";
				CLANG_ENABLE_MODULES = YES;
				CLANG_ENABLE_OBJC_ARC = YES;
				CLANG_WARN_BOOL_CONVERSION = YES;
				CLANG_WARN_CONSTANT_CONVERSION = YES;
				CLANG_WARN_DIRECT_OBJC_ISA_USAGE = YES_ERROR;
				CLANG_WARN_EMPTY_BODY = YES;
				CLANG_WARN_ENUM_CONVERSION = YES;
				CLANG_WARN_INT_CONVERSION = YES;
				CLANG_WARN_OBJC_ROOT_CLASS = YES_ERROR;
				CLANG_WARN_UNREACHABLE_CODE = YES;
				CLANG_WARN__DUPLICATE_METHOD_MATCH = YES;
				"CODE_SIGN_IDENTITY[sdk=iphoneos*]" = "iPhone Developer";
				COPY_PHASE_STRIP = NO;
				DEBUG_INFORMATION_FORMAT = "dwarf-with-dsym";
				ENABLE_NS_ASSERTIONS = NO;
				ENABLE_STRICT_OBJC_MSGSEND = YES;
				GCC_C_LANGUAGE_STANDARD = gnu99;
				GCC_NO_COMMON_BLOCKS = YES;
				GCC_WARN_64_TO_32_BIT_CONVERSION = YES;
				GCC_WARN_ABOUT_RETURN_TYPE = YES_ERROR;
				GCC_WARN_UNDECLARED_SELECTOR = YES;
				GCC_WARN_UNINITIALIZED_AUTOS = YES_AGGRESSIVE;
				GCC_WARN_UNUSED_FUNCTION = YES;
				GCC_WARN_UNUSED_VARIABLE = YES;
				IPHONEOS_DEPLOYMENT_TARGET = 9.3;
				MTL_ENABLE_DEBUG_INFO = NO;
				SDKROOT = iphoneos;
				VALIDATE_PRODUCT = YES;
			};
			name = Release;
		};
		5C2968111D2D638C000EA144 /* Debug */ = {
			isa = XCBuildConfiguration;
			buildSettings = {
				ASSETCATALOG_COMPILER_APPICON_NAME = AppIcon;
				CODE_SIGN_IDENTITY = "iPhone Developer";
				"CODE_SIGN_IDENTITY[sdk=iphoneos*]" = "iPhone Developer";
				INFOPLIST_FILE = Inventree/Info.plist;
				LD_RUNPATH_SEARCH_PATHS = "$(inherited) @executable_path/Frameworks";
				PRODUCT_BUNDLE_IDENTIFIER = COP4656.Inventree;
				PRODUCT_NAME = "$(TARGET_NAME)";
				PROVISIONING_PROFILE = "";
			};
			name = Debug;
		};
		5C2968121D2D638C000EA144 /* Release */ = {
			isa = XCBuildConfiguration;
			buildSettings = {
				ASSETCATALOG_COMPILER_APPICON_NAME = AppIcon;
				CODE_SIGN_IDENTITY = "iPhone Developer";
				"CODE_SIGN_IDENTITY[sdk=iphoneos*]" = "iPhone Developer";
				INFOPLIST_FILE = Inventree/Info.plist;
				LD_RUNPATH_SEARCH_PATHS = "$(inherited) @executable_path/Frameworks";
				PRODUCT_BUNDLE_IDENTIFIER = COP4656.Inventree;
				PRODUCT_NAME = "$(TARGET_NAME)";
				PROVISIONING_PROFILE = "";
			};
			name = Release;
		};
		5C2968141D2D638C000EA144 /* Debug */ = {
			isa = XCBuildConfiguration;
			buildSettings = {
				BUNDLE_LOADER = "$(TEST_HOST)";
				INFOPLIST_FILE = InventreeTests/Info.plist;
				LD_RUNPATH_SEARCH_PATHS = "$(inherited) @executable_path/Frameworks @loader_path/Frameworks";
				PRODUCT_BUNDLE_IDENTIFIER = COP4656.InventreeTests;
				PRODUCT_NAME = "$(TARGET_NAME)";
				TEST_HOST = "$(BUILT_PRODUCTS_DIR)/Inventree.app/Inventree";
			};
			name = Debug;
		};
		5C2968151D2D638C000EA144 /* Release */ = {
			isa = XCBuildConfiguration;
			buildSettings = {
				BUNDLE_LOADER = "$(TEST_HOST)";
				INFOPLIST_FILE = InventreeTests/Info.plist;
				LD_RUNPATH_SEARCH_PATHS = "$(inherited) @executable_path/Frameworks @loader_path/Frameworks";
				PRODUCT_BUNDLE_IDENTIFIER = COP4656.InventreeTests;
				PRODUCT_NAME = "$(TARGET_NAME)";
				TEST_HOST = "$(BUILT_PRODUCTS_DIR)/Inventree.app/Inventree";
			};
			name = Release;
		};
		5C2968171D2D638C000EA144 /* Debug */ = {
			isa = XCBuildConfiguration;
			buildSettings = {
				INFOPLIST_FILE = InventreeUITests/Info.plist;
				LD_RUNPATH_SEARCH_PATHS = "$(inherited) @executable_path/Frameworks @loader_path/Frameworks";
				PRODUCT_BUNDLE_IDENTIFIER = COP4656.InventreeUITests;
				PRODUCT_NAME = "$(TARGET_NAME)";
				TEST_TARGET_NAME = Inventree;
			};
			name = Debug;
		};
		5C2968181D2D638C000EA144 /* Release */ = {
			isa = XCBuildConfiguration;
			buildSettings = {
				INFOPLIST_FILE = InventreeUITests/Info.plist;
				LD_RUNPATH_SEARCH_PATHS = "$(inherited) @executable_path/Frameworks @loader_path/Frameworks";
				PRODUCT_BUNDLE_IDENTIFIER = COP4656.InventreeUITests;
				PRODUCT_NAME = "$(TARGET_NAME)";
				TEST_TARGET_NAME = Inventree;
			};
			name = Release;
		};
/* End XCBuildConfiguration section */

/* Begin XCConfigurationList section */
		5C2967DB1D2D638C000EA144 /* Build configuration list for PBXProject "Inventree" */ = {
			isa = XCConfigurationList;
			buildConfigurations = (
				5C29680E1D2D638C000EA144 /* Debug */,
				5C29680F1D2D638C000EA144 /* Release */,
			);
			defaultConfigurationIsVisible = 0;
			defaultConfigurationName = Release;
		};
		5C2968101D2D638C000EA144 /* Build configuration list for PBXNativeTarget "Inventree" */ = {
			isa = XCConfigurationList;
			buildConfigurations = (
				5C2968111D2D638C000EA144 /* Debug */,
				5C2968121D2D638C000EA144 /* Release */,
			);
			defaultConfigurationIsVisible = 0;
			defaultConfigurationName = Release;
		};
		5C2968131D2D638C000EA144 /* Build configuration list for PBXNativeTarget "InventreeTests" */ = {
			isa = XCConfigurationList;
			buildConfigurations = (
				5C2968141D2D638C000EA144 /* Debug */,
				5C2968151D2D638C000EA144 /* Release */,
			);
			defaultConfigurationIsVisible = 0;
			defaultConfigurationName = Release;
		};
		5C2968161D2D638C000EA144 /* Build configuration list for PBXNativeTarget "InventreeUITests" */ = {
			isa = XCConfigurationList;
			buildConfigurations = (
				5C2968171D2D638C000EA144 /* Debug */,
				5C2968181D2D638C000EA144 /* Release */,
			);
			defaultConfigurationIsVisible = 0;
			defaultConfigurationName = Release;
		};
/* End XCConfigurationList section */
	};
	rootObject = 5C2967D81D2D638C000EA144 /* Project object */;
}
